
Microsoft Visual Studio Solution File, Format Version 12.00
# Visual Studio Version 16
VisualStudioVersion = 16.0.29215.179
MinimumVisualStudioVersion = 10.0.40219.1
Project("{FAE04EC0-301F-11D3-BF4B-00C04F79EFBC}") = "NetCoreClientServerAsyncSockets", "NetCoreClientServerAsyncSockets\NetCoreClientServerAsyncSockets.csproj", "{55ED053B-C37D-4196-827B-4A1AB524FB50}"
EndProject
Project("{FAE04EC0-301F-11D3-BF4B-00C04F79EFBC}") = "Server", "Server\Server.csproj", "{B6684F62-31E7-482D-A4A0-ABBAAA95647B}"
EndProject
Project("{FAE04EC0-301F-11D3-BF4B-00C04F79EFBC}") = "Client", "Client\Client.csproj", "{00312917-AD9A-419D-9EF6-130A179E8747}"
EndProject
Global
	GlobalSection(SolutionConfigurationPlatforms) = preSolution
		Debug|Any CPU = Debug|Any CPU
		Release|Any CPU = Release|Any CPU
	EndGlobalSection
	GlobalSection(ProjectConfigurationPlatforms) = postSolution
		{55ED053B-C37D-4196-827B-4A1AB524FB50}.Debug|Any CPU.ActiveCfg = Debug|Any CPU
		{55ED053B-C37D-4196-827B-4A1AB524FB50}.Debug|Any CPU.Build.0 = Debug|Any CPU
		{55ED053B-C37D-4196-827B-4A1AB524FB50}.Release|Any CPU.ActiveCfg = Release|Any CPU
		{55ED053B-C37D-4196-827B-4A1AB524FB50}.Release|Any CPU.Build.0 = Release|Any CPU
		{B6684F62-31E7-482D-A4A0-ABBAAA95647B}.Debug|Any CPU.ActiveCfg = Debug|Any CPU
		{B6684F62-31E7-482D-A4A0-ABBAAA95647B}.Debug|Any CPU.Build.0 = Debug|Any CPU
		{B6684F62-31E7-482D-A4A0-ABBAAA95647B}.Release|Any CPU.ActiveCfg = Release|Any CPU
		{B6684F62-31E7-482D-A4A0-ABBAAA95647B}.Release|Any CPU.Build.0 = Release|Any CPU
		{00312917-AD9A-419D-9EF6-130A179E8747}.Debug|Any CPU.ActiveCfg = Debug|Any CPU
		{00312917-AD9A-419D-9EF6-130A179E8747}.Debug|Any CPU.Build.0 = Debug|Any CPU
		{00312917-AD9A-419D-9EF6-130A179E8747}.Release|Any CPU.ActiveCfg = Release|Any CPU
		{00312917-AD9A-419D-9EF6-130A179E8747}.Release|Any CPU.Build.0 = Release|Any CPU
	EndGlobalSection
	GlobalSection(SolutionProperties) = preSolution
		HideSolutionNode = FALSE
	EndGlobalSection
	GlobalSection(ExtensibilityGlobals) = postSolution
		SolutionGuid = {928CA838-0947-4465-A493-6D77E5E187F6}
	EndGlobalSection
EndGlobal
